{
  "name": "aptcoder_backend",
  "version": "1.0.0",
  "lockfileVersion": 3,
  "requires": true,
  "author": "Harsh Gaur",
  "description": "",
  "license": "ISC",
  "main": "app.js",
  "packages": {
    "": {
      "name": "aptcoder_backend",
      "version": "1.0.0",
      "license": "ISC",
      "devDependencies": {}
    }
  },
  "scripts": {
    "start": "nodemon app.js",
    "test": "echo \"Error: no test specified\" && exit 1"
  }
}
